<?xml version="1.0" encoding="utf-8"?>
<Project ToolsVersion="4.0" xmlns="http://schemas.microsoft.com/developer/msbuild/2003">
  <ItemGroup>
    <Filter Include="Source Files">
      <UniqueIdentifier>{20f6b680-5399-413e-a5ba-4106a5d2e96a}</UniqueIdentifier>
      <Extensions>cpp;c;cxx;rc;def;r;odl;idl;hpj;bat</Extensions>
    </Filter>
    <Filter Include="Header Files">
      <UniqueIdentifier>{f1b8c9b5-57d2-475f-9016-821bfc3a4d80}</UniqueIdentifier>
      <Extensions>h;hpp;hxx;hm;inl</Extensions>
    </Filter>
    <Filter Include="Resource Files">
      <UniqueIdentifier>{786f30ea-de86-4a5a-874d-7e3ba009056a}</UniqueIdentifier>
      <Extensions>ico;cur;bmp;dlg;rc2;rct;bin;rgs;gif;jpg;jpeg;jpe</Extensions>
    </Filter>
  </ItemGroup>
  <ItemGroup>
    <ClCompile Include="Dynamic_Hash.cpp">
      <Filter>Source Files</Filter>
    </ClCompile>
    <ClCompile Include="JJun_DB.cpp">
      <Filter>Source Files</Filter>
    </ClCompile>
  </ItemGroup>
  <ItemGroup>
    <ClInclude Include="Dynamic_Hash.h">
      <Filter>Header Files</Filter>
    </ClInclude>
    <ClInclude Include="Record_Block.h">
      <Filter>Header Files</Filter>
    </ClInclude>
  </ItemGroup>
</Project>